
Microsoft Visual Studio Solution File, Format Version 12.00
# Visual Studio 15
VisualStudioVersion = 15.0.27428.2002
MinimumVisualStudioVersion = 10.0.40219.1
Project("{FAE04EC0-301F-11D3-BF4B-00C04F79EFBC}") = "splitview", "splitview\splitview.csproj", "{2ADFFC50-9038-4754-A7E0-42E95932BA90}"
EndProject
Global
	GlobalSection(SolutionConfigurationPlatforms) = preSolution
		Debug|ARM = Debug|ARM
		Debug|x64 = Debug|x64
		Debug|x86 = Debug|x86
		Release|ARM = Release|ARM
		Release|x64 = Release|x64
		Release|x86 = Release|x86
	EndGlobalSection
	GlobalSection(ProjectConfigurationPlatforms) = postSolution
		{2ADFFC50-9038-4754-A7E0-42E95932BA90}.Debug|ARM.ActiveCfg = Debug|ARM
		{2ADFFC50-9038-4754-A7E0-42E95932BA90}.Debug|ARM.Build.0 = Debug|ARM
		{2ADFFC50-9038-4754-A7E0-42E95932BA90}.Debug|ARM.Deploy.0 = Debug|ARM
		{2ADFFC50-9038-4754-A7E0-42E95932BA90}.Debug|x64.ActiveCfg = Debug|x64
		{2ADFFC50-9038-4754-A7E0-42E95932BA90}.Debug|x64.Build.0 = Debug|x64
		{2ADFFC50-9038-4754-A7E0-42E95932BA90}.Debug|x64.Deploy.0 = Debug|x64
		{2ADFFC50-9038-4754-A7E0-42E95932BA90}.Debug|x86.ActiveCfg = Debug|x86
		{2ADFFC50-9038-4754-A7E0-42E95932BA90}.Debug|x86.Build.0 = Debug|x86
		{2ADFFC50-9038-4754-A7E0-42E95932BA90}.Debug|x86.Deploy.0 = Debug|x86
		{2ADFFC50-9038-4754-A7E0-42E95932BA90}.Release|ARM.ActiveCfg = Release|ARM
		{2ADFFC50-9038-4754-A7E0-42E95932BA90}.Release|ARM.Build.0 = Release|ARM
		{2ADFFC50-9038-4754-A7E0-42E95932BA90}.Release|ARM.Deploy.0 = Release|ARM
		{2ADFFC50-9038-4754-A7E0-42E95932BA90}.Release|x64.ActiveCfg = Release|x64
		{2ADFFC50-9038-4754-A7E0-42E95932BA90}.Release|x64.Build.0 = Release|x64
		{2ADFFC50-9038-4754-A7E0-42E95932BA90}.Release|x64.Deploy.0 = Release|x64
		{2ADFFC50-9038-4754-A7E0-42E95932BA90}.Release|x86.ActiveCfg = Release|x86
		{2ADFFC50-9038-4754-A7E0-42E95932BA90}.Release|x86.Build.0 = Release|x86
		{2ADFFC50-9038-4754-A7E0-42E95932BA90}.Release|x86.Deploy.0 = Release|x86
	EndGlobalSection
	GlobalSection(SolutionProperties) = preSolution
		HideSolutionNode = FALSE
	EndGlobalSection
	GlobalSection(ExtensibilityGlobals) = postSolution
		SolutionGuid = {B7DD51EB-84C5-4847-AB56-E2EC9D4EA853}
	EndGlobalSection
EndGlobal
